
Microsoft Visual Studio Solution File, Format Version 12.00
# Visual Studio Version 16
VisualStudioVersion = 25.0.1706.0
MinimumVisualStudioVersion = 10.0.40219.1
Project("{FAE04EC0-301F-11D3-BF4B-00C04F79EFBC}") = "skywind-task", "skywind-task\skywind-task.csproj", "{24B39D2F-5ECF-4801-B84D-0390E6E372F5}"
EndProject
Global
	GlobalSection(SolutionConfigurationPlatforms) = preSolution
		Debug|Any CPU = Debug|Any CPU
		Release|Any CPU = Release|Any CPU
	EndGlobalSection
	GlobalSection(ProjectConfigurationPlatforms) = postSolution
		{24B39D2F-5ECF-4801-B84D-0390E6E372F5}.Debug|Any CPU.ActiveCfg = Debug|Any CPU
		{24B39D2F-5ECF-4801-B84D-0390E6E372F5}.Debug|Any CPU.Build.0 = Debug|Any CPU
		{24B39D2F-5ECF-4801-B84D-0390E6E372F5}.Release|Any CPU.ActiveCfg = Release|Any CPU
		{24B39D2F-5ECF-4801-B84D-0390E6E372F5}.Release|Any CPU.Build.0 = Release|Any CPU
	EndGlobalSection
	GlobalSection(SolutionProperties) = preSolution
		HideSolutionNode = FALSE
	EndGlobalSection
	GlobalSection(ExtensibilityGlobals) = postSolution
		SolutionGuid = {F7DE4C70-5974-4D76-9DDE-377813449974}
	EndGlobalSection
EndGlobal
